
Microsoft Visual Studio Solution File, Format Version 12.00
# Visual Studio 15
VisualStudioVersion = 15.0.28307.136
MinimumVisualStudioVersion = 10.0.40219.1
Project("{FAE04EC0-301F-11D3-BF4B-00C04F79EFBC}") = "Teacher", "Teacher\Teacher.csproj", "{350D2444-0EC9-447C-9DF4-09882376213E}"
EndProject
Global
	GlobalSection(SolutionConfigurationPlatforms) = preSolution
		Debug|Any CPU = Debug|Any CPU
		Release|Any CPU = Release|Any CPU
	EndGlobalSection
	GlobalSection(ProjectConfigurationPlatforms) = postSolution
		{350D2444-0EC9-447C-9DF4-09882376213E}.Debug|Any CPU.ActiveCfg = Debug|Any CPU
		{350D2444-0EC9-447C-9DF4-09882376213E}.Debug|Any CPU.Build.0 = Debug|Any CPU
		{350D2444-0EC9-447C-9DF4-09882376213E}.Release|Any CPU.ActiveCfg = Release|Any CPU
		{350D2444-0EC9-447C-9DF4-09882376213E}.Release|Any CPU.Build.0 = Release|Any CPU
	EndGlobalSection
	GlobalSection(SolutionProperties) = preSolution
		HideSolutionNode = FALSE
	EndGlobalSection
	GlobalSection(ExtensibilityGlobals) = postSolution
		SolutionGuid = {4726FBBA-B54F-4D8A-8F04-6736B5EFF803}
	EndGlobalSection
EndGlobal
